<Solution>
  <Folder Name="/src/Core/">
    <Project Path="src/EsilvaSoft.KapibaraStudio.Core/EsilvaSoft.KapibaraStudio.Core.csproj" />
    <Project Path="src/EsilvaSoft.KapibaraStudio.Autocomplete.Core/EsilvaSoft.KapibaraStudio.Autocomplete.Core.csproj" />
    <Project Path="src/EsilvaSoft.KapibaraStudio.LocalAi.Core/EsilvaSoft.KapibaraStudio.LocalAi.Core.csproj" />
  </Folder>
  <Folder Name="/src/" />
  <Folder Name="/src/App/">
    <Project Path="src/EsilvaSoft.KapibaraStudio.Desktop/EsilvaSoft.KapibaraStudio.Desktop.csproj" />
    <Project Path="src/EsilvaSoft.KapibaraStudio.McpServer/EsilvaSoft.KapibaraStudio.McpServer.csproj" />
  </Folder>
  <Folder Name="/src/Application/">
    <Project Path="src/EsilvaSoft.KapibaraStudio.Application/EsilvaSoft.KapibaraStudio.Application.csproj" />
  </Folder>
  <Folder Name="/src/Infrastructure/">
    <Project Path="src/EsilvaSoft.KapibaraStudio.Infrastructure.System/EsilvaSoft.KapibaraStudio.Infrastructure.System.csproj" />
    <Project Path="src/EsilvaSoft.KapibaraStudio.Infrastructure/EsilvaSoft.KapibaraStudio.Infrastructure.csproj" />
    <Project Path="src/EsilvaSoft.KapibaraStudio.Infrastructure.LocalAi/EsilvaSoft.KapibaraStudio.Infrastructure.LocalAi.csproj" />
    <Project Path="src/EsilvaSoft.KapibaraStudio.Infrastructure.LocalAi.OnnxAdapter/EsilvaSoft.KapibaraStudio.Infrastructure.LocalAi.OnnxAdapter.csproj" />
    <Project Path="src/EsilvaSoft.KapibaraStudio.Infrastructure.Agents/EsilvaSoft.KapibaraStudio.Infrastructure.Agents.csproj" />
  </Folder>
  <Folder Name="/tests/">
    <Project Path="tests/EsilvaSoft.KapibaraStudio.TestSupport/EsilvaSoft.KapibaraStudio.TestSupport.csproj" />
    <Project Path="tests/EsilvaSoft.KapibaraStudio.IntegrationTests/EsilvaSoft.KapibaraStudio.IntegrationTests.csproj" />
    <Project Path="tests/EsilvaSoft.KapibaraStudio.UnitTests/EsilvaSoft.KapibaraStudio.UnitTests.csproj" />
    <Project Path="tests/EsilvaSoft.KapibaraStudio.Infrastructure.Agents.Tests/EsilvaSoft.KapibaraStudio.Infrastructure.Agents.Tests.csproj" />
    <Project Path="tests/EsilvaSoft.KapibaraStudio.Benchmarks/EsilvaSoft.KapibaraStudio.Benchmarks.csproj" />
    <Project Path="tests/EsilvaSoft.KapibaraStudio.FakeClaudeCode/EsilvaSoft.KapibaraStudio.FakeClaudeCode.csproj" />
    <Project Path="tests/EsilvaSoft.KapibaraStudio.FakeCodexAppServer/EsilvaSoft.KapibaraStudio.FakeCodexAppServer.csproj" />
  </Folder>
</Solution>
